// !$*UTF8*$!
{
	archiveVersion = 1;
	classes = {
	};
	objectVersion = 55;
	objects = {

/* Begin PBXBuildFile section */
		59F89FC5312A7FFCB67B013F /* Pods_OpenMovieDB.framework in Frameworks */ = {isa = PBXBuildFile; fileRef = CB6B6FB2B69C96A2BBCAAD57 /* Pods_OpenMovieDB.framework */; };
		683D51BE27F96DAF0035885A /* AppDelegate.swift in Sources */ = {isa = PBXBuildFile; fileRef = 683D51BD27F96DAF0035885A /* AppDelegate.swift */; };
		683D51C027F96DAF0035885A /* SceneDelegate.swift in Sources */ = {isa = PBXBuildFile; fileRef = 683D51BF27F96DAF0035885A /* SceneDelegate.swift */; };
		683D51C227F96DAF0035885A /* ViewController.swift in Sources */ = {isa = PBXBuildFile; fileRef = 683D51C127F96DAF0035885A /* ViewController.swift */; };
		683D51C527F96DAF0035885A /* Main.storyboard in Resources */ = {isa = PBXBuildFile; fileRef = 683D51C327F96DAF0035885A /* Main.storyboard */; };
		683D51C727F96DB10035885A /* Assets.xcassets in Resources */ = {isa = PBXBuildFile; fileRef = 683D51C627F96DB10035885A /* Assets.xcassets */; };
		683D51CA27F96DB10035885A /* LaunchScreen.storyboard in Resources */ = {isa = PBXBuildFile; fileRef = 683D51C827F96DB10035885A /* LaunchScreen.storyboard */; };
		683D51D727F98E3A0035885A /* CustomMovieTableViewCell.swift in Sources */ = {isa = PBXBuildFile; fileRef = 683D51D627F98E3A0035885A /* CustomMovieTableViewCell.swift */; };
		683D51DD27FAE6540035885A /* Search.swift in Sources */ = {isa = PBXBuildFile; fileRef = 683D51DC27FAE6540035885A /* Search.swift */; };
		683D51DF27FB07020035885A /* DeatilViewController.swift in Sources */ = {isa = PBXBuildFile; fileRef = 683D51DE27FB07020035885A /* DeatilViewController.swift */; };
		683D51E127FB0B720035885A /* PosterCell.swift in Sources */ = {isa = PBXBuildFile; fileRef = 683D51E027FB0B720035885A /* PosterCell.swift */; };
		683D51E327FB0FE10035885A /* SearchDetailed.swift in Sources */ = {isa = PBXBuildFile; fileRef = 683D51E227FB0FE10035885A /* SearchDetailed.swift */; };
		683D51E727FB479E0035885A /* TitleAndYearCell.swift in Sources */ = {isa = PBXBuildFile; fileRef = 683D51E627FB479E0035885A /* TitleAndYearCell.swift */; };
		683D51E927FB48EC0035885A /* PlotCell.swift in Sources */ = {isa = PBXBuildFile; fileRef = 683D51E827FB48EC0035885A /* PlotCell.swift */; };
		683D51EB27FB49E90035885A /* GeneralInfoCell.swift in Sources */ = {isa = PBXBuildFile; fileRef = 683D51EA27FB49E90035885A /* GeneralInfoCell.swift */; };
/* End PBXBuildFile section */

/* Begin PBXFileReference section */
		17FF3E2BA390818D0E0D3240 /* Pods-OpenMovieDB.release.xcconfig */ = {isa = PBXFileReference; includeInIndex = 1; lastKnownFileType = text.xcconfig; name = "Pods-OpenMovieDB.release.xcconfig"; path = "Target Support Files/Pods-OpenMovieDB/Pods-OpenMovieDB.release.xcconfig"; sourceTree = "<group>"; };
		683D51BA27F96DAF0035885A /* OpenMovieDB.app */ = {isa = PBXFileReference; explicitFileType = wrapper.application; includeInIndex = 0; path = OpenMovieDB.app; sourceTree = BUILT_PRODUCTS_DIR; };
		683D51BD27F96DAF0035885A /* AppDelegate.swift */ = {isa = PBXFileReference; lastKnownFileType = sourcecode.swift; path = AppDelegate.swift; sourceTree = "<group>"; };
		683D51BF27F96DAF0035885A /* SceneDelegate.swift */ = {isa = PBXFileReference; lastKnownFileType = sourcecode.swift; path = SceneDelegate.swift; sourceTree = "<group>"; };
		683D51C127F96DAF0035885A /* ViewController.swift */ = {isa = PBXFileReference; lastKnownFileType = sourcecode.swift; path = ViewController.swift; sourceTree = "<group>"; };
		683D51C427F96DAF0035885A /* Base */ = {isa = PBXFileReference; lastKnownFileType = file.storyboard; name = Base; path = Base.lproj/Main.storyboard; sourceTree = "<group>"; };
		683D51C627F96DB10035885A /* Assets.xcassets */ = {isa = PBXFileReference; lastKnownFileType = folder.assetcatalog; path = Assets.xcassets; sourceTree = "<group>"; };
		683D51C927F96DB10035885A /* Base */ = {isa = PBXFileReference; lastKnownFileType = file.storyboard; name = Base; path = Base.lproj/LaunchScreen.storyboard; sourceTree = "<group>"; };
		683D51CB27F96DB10035885A /* Info.plist */ = {isa = PBXFileReference; lastKnownFileType = text.plist.xml; path = Info.plist; sourceTree = "<group>"; };
		683D51D627F98E3A0035885A /* CustomMovieTableViewCell.swift */ = {isa = PBXFileReference; lastKnownFileType = sourcecode.swift; path = CustomMovieTableViewCell.swift; sourceTree = "<group>"; };
		683D51DC27FAE6540035885A /* Search.swift */ = {isa = PBXFileReference; lastKnownFileType = sourcecode.swift; path = Search.swift; sourceTree = "<group>"; };
		683D51DE27FB07020035885A /* DeatilViewController.swift */ = {isa = PBXFileReference; lastKnownFileType = sourcecode.swift; path = DeatilViewController.swift; sourceTree = "<group>"; };
		683D51E027FB0B720035885A /* PosterCell.swift */ = {isa = PBXFileReference; lastKnownFileType = sourcecode.swift; path = PosterCell.swift; sourceTree = "<group>"; };
		683D51E227FB0FE10035885A /* SearchDetailed.swift */ = {isa = PBXFileReference; lastKnownFileType = sourcecode.swift; path = SearchDetailed.swift; sourceTree = "<group>"; };
		683D51E627FB479E0035885A /* TitleAndYearCell.swift */ = {isa = PBXFileReference; lastKnownFileType = sourcecode.swift; path = TitleAndYearCell.swift; sourceTree = "<group>"; };
		683D51E827FB48EC0035885A /* PlotCell.swift */ = {isa = PBXFileReference; lastKnownFileType = sourcecode.swift; path = PlotCell.swift; sourceTree = "<group>"; };
		683D51EA27FB49E90035885A /* GeneralInfoCell.swift */ = {isa = PBXFileReference; lastKnownFileType = sourcecode.swift; path = GeneralInfoCell.swift; sourceTree = "<group>"; };
		ACE6BF4C594B5AAADD66023D /* Pods-OpenMovieDB.debug.xcconfig */ = {isa = PBXFileReference; includeInIndex = 1; lastKnownFileType = text.xcconfig; name = "Pods-OpenMovieDB.debug.xcconfig"; path = "Target Support Files/Pods-OpenMovieDB/Pods-OpenMovieDB.debug.xcconfig"; sourceTree = "<group>"; };
		CB6B6FB2B69C96A2BBCAAD57 /* Pods_OpenMovieDB.framework */ = {isa = PBXFileReference; explicitFileType = wrapper.framework; includeInIndex = 0; path = Pods_OpenMovieDB.framework; sourceTree = BUILT_PRODUCTS_DIR; };
/* End PBXFileReference section */

/* Begin PBXFrameworksBuildPhase section */
		683D51B727F96DAF0035885A /* Frameworks */ = {
			isa = PBXFrameworksBuildPhase;
			buildActionMask = 2147483647;
			files = (
				59F89FC5312A7FFCB67B013F /* Pods_OpenMovieDB.framework in Frameworks */,
			);
			runOnlyForDeploymentPostprocessing = 0;
		};
/* End PBXFrameworksBuildPhase section */

/* Begin PBXGroup section */
		683D51B127F96DAF0035885A = {
			isa = PBXGroup;
			children = (
				683D51BC27F96DAF0035885A /* OpenMovieDB */,
				683D51BB27F96DAF0035885A /* Products */,
				BE6A4CD524D0D246AC04426F /* Pods */,
				C7C95E878C42E2C8B6E49BDB /* Frameworks */,
			);
			sourceTree = "<group>";
		};
		683D51BB27F96DAF0035885A /* Products */ = {
			isa = PBXGroup;
			children = (
				683D51BA27F96DAF0035885A /* OpenMovieDB.app */,
			);
			name = Products;
			sourceTree = "<group>";
		};
		683D51BC27F96DAF0035885A /* OpenMovieDB */ = {
			isa = PBXGroup;
			children = (
				683D51D127F96DEC0035885A /* Supporting Files */,
				683D51BF27F96DAF0035885A /* SceneDelegate.swift */,
				683D51C127F96DAF0035885A /* ViewController.swift */,
				683D51D627F98E3A0035885A /* CustomMovieTableViewCell.swift */,
				683D51DC27FAE6540035885A /* Search.swift */,
				683D51DE27FB07020035885A /* DeatilViewController.swift */,
				683D51E027FB0B720035885A /* PosterCell.swift */,
				683D51E627FB479E0035885A /* TitleAndYearCell.swift */,
				683D51E827FB48EC0035885A /* PlotCell.swift */,
				683D51EA27FB49E90035885A /* GeneralInfoCell.swift */,
				683D51E227FB0FE10035885A /* SearchDetailed.swift */,
				683D51C327F96DAF0035885A /* Main.storyboard */,
				683D51CB27F96DB10035885A /* Info.plist */,
			);
			path = OpenMovieDB;
			sourceTree = "<group>";
		};
		683D51D127F96DEC0035885A /* Supporting Files */ = {
			isa = PBXGroup;
			children = (
				683D51BD27F96DAF0035885A /* AppDelegate.swift */,
				683D51C627F96DB10035885A /* Assets.xcassets */,
				683D51C827F96DB10035885A /* LaunchScreen.storyboard */,
			);
			path = "Supporting Files";
			sourceTree = "<group>";
		};
		BE6A4CD524D0D246AC04426F /* Pods */ = {
			isa = PBXGroup;
			children = (
				ACE6BF4C594B5AAADD66023D /* Pods-OpenMovieDB.debug.xcconfig */,
				17FF3E2BA390818D0E0D3240 /* Pods-OpenMovieDB.release.xcconfig */,
			);
			path = Pods;
			sourceTree = "<group>";
		};
		C7C95E878C42E2C8B6E49BDB /* Frameworks */ = {
			isa = PBXGroup;
			children = (
				CB6B6FB2B69C96A2BBCAAD57 /* Pods_OpenMovieDB.framework */,
			);
			name = Frameworks;
			sourceTree = "<group>";
		};
/* End PBXGroup section */

/* Begin PBXNativeTarget section */
		683D51B927F96DAF0035885A /* OpenMovieDB */ = {
			isa = PBXNativeTarget;
			buildConfigurationList = 683D51CE27F96DB10035885A /* Build configuration list for PBXNativeTarget "OpenMovieDB" */;
			buildPhases = (
				4FF801DF092422350920E4D3 /* [CP] Check Pods Manifest.lock */,
				683D51B627F96DAF0035885A /* Sources */,
				683D51B727F96DAF0035885A /* Frameworks */,
				683D51B827F96DAF0035885A /* Resources */,
				C7253D56A4DEC8CDE8F3F574 /* [CP] Embed Pods Frameworks */,
			);
			buildRules = (
			);
			dependencies = (
			);
			name = OpenMovieDB;
			productName = OpenMovieDB;
			productReference = 683D51BA27F96DAF0035885A /* OpenMovieDB.app */;
			productType = "com.apple.product-type.application";
		};
/* End PBXNativeTarget section */

/* Begin PBXProject section */
		683D51B227F96DAF0035885A /* Project object */ = {
			isa = PBXProject;
			attributes = {
				BuildIndependentTargetsInParallel = 1;
				LastSwiftUpdateCheck = 1300;
				LastUpgradeCheck = 1300;
				TargetAttributes = {
					683D51B927F96DAF0035885A = {
						CreatedOnToolsVersion = 13.0;
					};
				};
			};
			buildConfigurationList = 683D51B527F96DAF0035885A /* Build configuration list for PBXProject "OpenMovieDB" */;
			compatibilityVersion = "Xcode 13.0";
			developmentRegion = en;
			hasScannedForEncodings = 0;
			knownRegions = (
				en,
				Base,
			);
			mainGroup = 683D51B127F96DAF0035885A;
			productRefGroup = 683D51BB27F96DAF0035885A /* Products */;
			projectDirPath = "";
			projectRoot = "";
			targets = (
				683D51B927F96DAF0035885A /* OpenMovieDB */,
			);
		};
/* End PBXProject section */

/* Begin PBXResourcesBuildPhase section */
		683D51B827F96DAF0035885A /* Resources */ = {
			isa = PBXResourcesBuildPhase;
			buildActionMask = 2147483647;
			files = (
				683D51CA27F96DB10035885A /* LaunchScreen.storyboard in Resources */,
				683D51C727F96DB10035885A /* Assets.xcassets in Resources */,
				683D51C527F96DAF0035885A /* Main.storyboard in Resources */,
			);
			runOnlyForDeploymentPostprocessing = 0;
		};
/* End PBXResourcesBuildPhase section */

/* Begin PBXShellScriptBuildPhase section */
		4FF801DF092422350920E4D3 /* [CP] Check Pods Manifest.lock */ = {
			isa = PBXShellScriptBuildPhase;
			buildActionMask = 2147483647;
			files = (
			);
			inputFileListPaths = (
			);
			inputPaths = (
				"${PODS_PODFILE_DIR_PATH}/Podfile.lock",
				"${PODS_ROOT}/Manifest.lock",
			);
			name = "[CP] Check Pods Manifest.lock";
			outputFileListPaths = (
			);
			outputPaths = (
				"$(DERIVED_FILE_DIR)/Pods-OpenMovieDB-checkManifestLockResult.txt",
			);
			runOnlyForDeploymentPostprocessing = 0;
			shellPath = /bin/sh;
			shellScript = "diff \"${PODS_PODFILE_DIR_PATH}/Podfile.lock\" \"${PODS_ROOT}/Manifest.lock\" > /dev/null\nif [ $? != 0 ] ; then\n    # print error to STDERR\n    echo \"error: The sandbox is not in sync with the Podfile.lock. Run 'pod install' or update your CocoaPods installation.\" >&2\n    exit 1\nfi\n# This output is used by Xcode 'outputs' to avoid re-running this script phase.\necho \"SUCCESS\" > \"${SCRIPT_OUTPUT_FILE_0}\"\n";
			showEnvVarsInLog = 0;
		};
		C7253D56A4DEC8CDE8F3F574 /* [CP] Embed Pods Frameworks */ = {
			isa = PBXShellScriptBuildPhase;
			buildActionMask = 2147483647;
			files = (
			);
			inputFileListPaths = (
				"${PODS_ROOT}/Target Support Files/Pods-OpenMovieDB/Pods-OpenMovieDB-frameworks-${CONFIGURATION}-input-files.xcfilelist",
			);
			name = "[CP] Embed Pods Frameworks";
			outputFileListPaths = (
				"${PODS_ROOT}/Target Support Files/Pods-OpenMovieDB/Pods-OpenMovieDB-frameworks-${CONFIGURATION}-output-files.xcfilelist",
			);
			runOnlyForDeploymentPostprocessing = 0;
			shellPath = /bin/sh;
			shellScript = "\"${PODS_ROOT}/Target Support Files/Pods-OpenMovieDB/Pods-OpenMovieDB-frameworks.sh\"\n";
			showEnvVarsInLog = 0;
		};
/* End PBXShellScriptBuildPhase section */

/* Begin PBXSourcesBuildPhase section */
		683D51B627F96DAF0035885A /* Sources */ = {
			isa = PBXSourcesBuildPhase;
			buildActionMask = 2147483647;
			files = (
				683D51E727FB479E0035885A /* TitleAndYearCell.swift in Sources */,
				683D51E127FB0B720035885A /* PosterCell.swift in Sources */,
				683D51E327FB0FE10035885A /* SearchDetailed.swift in Sources */,
				683D51D727F98E3A0035885A /* CustomMovieTableViewCell.swift in Sources */,
				683D51DF27FB07020035885A /* DeatilViewController.swift in Sources */,
				683D51C227F96DAF0035885A /* ViewController.swift in Sources */,
				683D51E927FB48EC0035885A /* PlotCell.swift in Sources */,
				683D51EB27FB49E90035885A /* GeneralInfoCell.swift in Sources */,
				683D51DD27FAE6540035885A /* Search.swift in Sources */,
				683D51BE27F96DAF0035885A /* AppDelegate.swift in Sources */,
				683D51C027F96DAF0035885A /* SceneDelegate.swift in Sources */,
			);
			runOnlyForDeploymentPostprocessing = 0;
		};
/* End PBXSourcesBuildPhase section */

/* Begin PBXVariantGroup section */
		683D51C327F96DAF0035885A /* Main.storyboard */ = {
			isa = PBXVariantGroup;
			children = (
				683D51C427F96DAF0035885A /* Base */,
			);
			name = Main.storyboard;
			sourceTree = "<group>";
		};
		683D51C827F96DB10035885A /* LaunchScreen.storyboard */ = {
			isa = PBXVariantGroup;
			children = (
				683D51C927F96DB10035885A /* Base */,
			);
			name = LaunchScreen.storyboard;
			sourceTree = "<group>";
		};
/* End PBXVariantGroup section */

/* Begin XCBuildConfiguration section */
		683D51CC27F96DB10035885A /* Debug */ = {
			isa = XCBuildConfiguration;
			buildSettings = {
				ALWAYS_SEARCH_USER_PATHS = NO;
				CLANG_ANALYZER_NONNULL = YES;
				CLANG_ANALYZER_NUMBER_OBJECT_CONVERSION = YES_AGGRESSIVE;
				CLANG_CXX_LANGUAGE_STANDARD = "gnu++17";
				CLANG_CXX_LIBRARY = "libc++";
				CLANG_ENABLE_MODULES = YES;
				CLANG_ENABLE_OBJC_ARC = YES;
				CLANG_ENABLE_OBJC_WEAK = YES;
				CLANG_WARN_BLOCK_CAPTURE_AUTORELEASING = YES;
				CLANG_WARN_BOOL_CONVERSION = YES;
				CLANG_WARN_COMMA = YES;
				CLANG_WARN_CONSTANT_CONVERSION = YES;
				CLANG_WARN_DEPRECATED_OBJC_IMPLEMENTATIONS = YES;
				CLANG_WARN_DIRECT_OBJC_ISA_USAGE = YES_ERROR;
				CLANG_WARN_DOCUMENTATION_COMMENTS = YES;
				CLANG_WARN_EMPTY_BODY = YES;
				CLANG_WARN_ENUM_CONVERSION = YES;
				CLANG_WARN_INFINITE_RECURSION = YES;
				CLANG_WARN_INT_CONVERSION = YES;
				CLANG_WARN_NON_LITERAL_NULL_CONVERSION = YES;
				CLANG_WARN_OBJC_IMPLICIT_RETAIN_SELF = YES;
				CLANG_WARN_OBJC_LITERAL_CONVERSION = YES;
				CLANG_WARN_OBJC_ROOT_CLASS = YES_ERROR;
				CLANG_WARN_QUOTED_INCLUDE_IN_FRAMEWORK_HEADER = YES;
				CLANG_WARN_RANGE_LOOP_ANALYSIS = YES;
				CLANG_WARN_STRICT_PROTOTYPES = YES;
				CLANG_WARN_SUSPICIOUS_MOVE = YES;
				CLANG_WARN_UNGUARDED_AVAILABILITY = YES_AGGRESSIVE;
				CLANG_WARN_UNREACHABLE_CODE = YES;
				CLANG_WARN__DUPLICATE_METHOD_MATCH = YES;
				COPY_PHASE_STRIP = NO;
				DEBUG_INFORMATION_FORMAT = dwarf;
				ENABLE_STRICT_OBJC_MSGSEND = YES;
				ENABLE_TESTABILITY = YES;
				GCC_C_LANGUAGE_STANDARD = gnu11;
				GCC_DYNAMIC_NO_PIC = NO;
				GCC_NO_COMMON_BLOCKS = YES;
				GCC_OPTIMIZATION_LEVEL = 0;
				GCC_PREPROCESSOR_DEFINITIONS = (
					"DEBUG=1",
					"$(inherited)",
				);
				GCC_WARN_64_TO_32_BIT_CONVERSION = YES;
				GCC_WARN_ABOUT_RETURN_TYPE = YES_ERROR;
				GCC_WARN_UNDECLARED_SELECTOR = YES;
				GCC_WARN_UNINITIALIZED_AUTOS = YES_AGGRESSIVE;
				GCC_WARN_UNUSED_FUNCTION = YES;
				GCC_WARN_UNUSED_VARIABLE = YES;
				IPHONEOS_DEPLOYMENT_TARGET = 15.0;
				MTL_ENABLE_DEBUG_INFO = INCLUDE_SOURCE;
				MTL_FAST_MATH = YES;
				ONLY_ACTIVE_ARCH = YES;
				SDKROOT = iphoneos;
				SWIFT_ACTIVE_COMPILATION_CONDITIONS = DEBUG;
				SWIFT_OPTIMIZATION_LEVEL = "-Onone";
			};
			name = Debug;
		};
		683D51CD27F96DB10035885A /* Release */ = {
			isa = XCBuildConfiguration;
			buildSettings = {
				ALWAYS_SEARCH_USER_PATHS = NO;
				CLANG_ANALYZER_NONNULL = YES;
				CLANG_ANALYZER_NUMBER_OBJECT_CONVERSION = YES_AGGRESSIVE;
				CLANG_CXX_LANGUAGE_STANDARD = "gnu++17";
				CLANG_CXX_LIBRARY = "libc++";
				CLANG_ENABLE_MODULES = YES;
				CLANG_ENABLE_OBJC_ARC = YES;
				CLANG_ENABLE_OBJC_WEAK = YES;
				CLANG_WARN_BLOCK_CAPTURE_AUTORELEASING = YES;
				CLANG_WARN_BOOL_CONVERSION = YES;
				CLANG_WARN_COMMA = YES;
				CLANG_WARN_CONSTANT_CONVERSION = YES;
				CLANG_WARN_DEPRECATED_OBJC_IMPLEMENTATIONS = YES;
				CLANG_WARN_DIRECT_OBJC_ISA_USAGE = YES_ERROR;
				CLANG_WARN_DOCUMENTATION_COMMENTS = YES;
				CLANG_WARN_EMPTY_BODY = YES;
				CLANG_WARN_ENUM_CONVERSION = YES;
				CLANG_WARN_INFINITE_RECURSION = YES;
				CLANG_WARN_INT_CONVERSION = YES;
				CLANG_WARN_NON_LITERAL_NULL_CONVERSION = YES;
				CLANG_WARN_OBJC_IMPLICIT_RETAIN_SELF = YES;
				CLANG_WARN_OBJC_LITERAL_CONVERSION = YES;
				CLANG_WARN_OBJC_ROOT_CLASS = YES_ERROR;
				CLANG_WARN_QUOTED_INCLUDE_IN_FRAMEWORK_HEADER = YES;
				CLANG_WARN_RANGE_LOOP_ANALYSIS = YES;
				CLANG_WARN_STRICT_PROTOTYPES = YES;
				CLANG_WARN_SUSPICIOUS_MOVE = YES;
				CLANG_WARN_UNGUARDED_AVAILABILITY = YES_AGGRESSIVE;
				CLANG_WARN_UNREACHABLE_CODE = YES;
				CLANG_WARN__DUPLICATE_METHOD_MATCH = YES;
				COPY_PHASE_STRIP = NO;
				DEBUG_INFORMATION_FORMAT = "dwarf-with-dsym";
				ENABLE_NS_ASSERTIONS = NO;
				ENABLE_STRICT_OBJC_MSGSEND = YES;
				GCC_C_LANGUAGE_STANDARD = gnu11;
				GCC_NO_COMMON_BLOCKS = YES;
				GCC_WARN_64_TO_32_BIT_CONVERSION = YES;
				GCC_WARN_ABOUT_RETURN_TYPE = YES_ERROR;
				GCC_WARN_UNDECLARED_SELECTOR = YES;
				GCC_WARN_UNINITIALIZED_AUTOS = YES_AGGRESSIVE;
				GCC_WARN_UNUSED_FUNCTION = YES;
				GCC_WARN_UNUSED_VARIABLE = YES;
				IPHONEOS_DEPLOYMENT_TARGET = 15.0;
				MTL_ENABLE_DEBUG_INFO = NO;
				MTL_FAST_MATH = YES;
				SDKROOT = iphoneos;
				SWIFT_COMPILATION_MODE = wholemodule;
				SWIFT_OPTIMIZATION_LEVEL = "-O";
				VALIDATE_PRODUCT = YES;
			};
			name = Release;
		};
		683D51CF27F96DB10035885A /* Debug */ = {
			isa = XCBuildConfiguration;
			baseConfigurationReference = ACE6BF4C594B5AAADD66023D /* Pods-OpenMovieDB.debug.xcconfig */;
			buildSettings = {
				ASSETCATALOG_COMPILER_APPICON_NAME = AppIcon;
				ASSETCATALOG_COMPILER_GLOBAL_ACCENT_COLOR_NAME = AccentColor;
				CODE_SIGN_STYLE = Automatic;
				CURRENT_PROJECT_VERSION = 1;
				GENERATE_INFOPLIST_FILE = YES;
				INFOPLIST_FILE = OpenMovieDB/Info.plist;
				INFOPLIST_KEY_UIApplicationSupportsIndirectInputEvents = YES;
				INFOPLIST_KEY_UILaunchStoryboardName = LaunchScreen;
				INFOPLIST_KEY_UIMainStoryboardFile = Main;
				INFOPLIST_KEY_UISupportedInterfaceOrientations_iPad = "UIInterfaceOrientationPortrait UIInterfaceOrientationPortraitUpsideDown UIInterfaceOrientationLandscapeLeft UIInterfaceOrientationLandscapeRight";
				INFOPLIST_KEY_UISupportedInterfaceOrientations_iPhone = "UIInterfaceOrientationPortrait UIInterfaceOrientationLandscapeLeft UIInterfaceOrientationLandscapeRight";
				LD_RUNPATH_SEARCH_PATHS = (
					"$(inherited)",
					"@executable_path/Frameworks",
				);
				MARKETING_VERSION = 1.0;
				PRODUCT_BUNDLE_IDENTIFIER = com.orendinur.OpenMovieDB;
				PRODUCT_NAME = "$(TARGET_NAME)";
				SWIFT_EMIT_LOC_STRINGS = YES;
				SWIFT_VERSION = 5.0;
				TARGETED_DEVICE_FAMILY = "1,2";
			};
			name = Debug;
		};
		683D51D027F96DB10035885A /* Release */ = {
			isa = XCBuildConfiguration;
			baseConfigurationReference = 17FF3E2BA390818D0E0D3240 /* Pods-OpenMovieDB.release.xcconfig */;
			buildSettings = {
				ASSETCATALOG_COMPILER_APPICON_NAME = AppIcon;
				ASSETCATALOG_COMPILER_GLOBAL_ACCENT_COLOR_NAME = AccentColor;
				CODE_SIGN_STYLE = Automatic;
				CURRENT_PROJECT_VERSION = 1;
				GENERATE_INFOPLIST_FILE = YES;
				INFOPLIST_FILE = OpenMovieDB/Info.plist;
				INFOPLIST_KEY_UIApplicationSupportsIndirectInputEvents = YES;
				INFOPLIST_KEY_UILaunchStoryboardName = LaunchScreen;
				INFOPLIST_KEY_UIMainStoryboardFile = Main;
				INFOPLIST_KEY_UISupportedInterfaceOrientations_iPad = "UIInterfaceOrientationPortrait UIInterfaceOrientationPortraitUpsideDown UIInterfaceOrientationLandscapeLeft UIInterfaceOrientationLandscapeRight";
				INFOPLIST_KEY_UISupportedInterfaceOrientations_iPhone = "UIInterfaceOrientationPortrait UIInterfaceOrientationLandscapeLeft UIInterfaceOrientationLandscapeRight";
				LD_RUNPATH_SEARCH_PATHS = (
					"$(inherited)",
					"@executable_path/Frameworks",
				);
				MARKETING_VERSION = 1.0;
				PRODUCT_BUNDLE_IDENTIFIER = com.orendinur.OpenMovieDB;
				PRODUCT_NAME = "$(TARGET_NAME)";
				SWIFT_EMIT_LOC_STRINGS = YES;
				SWIFT_VERSION = 5.0;
				TARGETED_DEVICE_FAMILY = "1,2";
			};
			name = Release;
		};
/* End XCBuildConfiguration section */

/* Begin XCConfigurationList section */
		683D51B527F96DAF0035885A /* Build configuration list for PBXProject "OpenMovieDB" */ = {
			isa = XCConfigurationList;
			buildConfigurations = (
				683D51CC27F96DB10035885A /* Debug */,
				683D51CD27F96DB10035885A /* Release */,
			);
			defaultConfigurationIsVisible = 0;
			defaultConfigurationName = Release;
		};
		683D51CE27F96DB10035885A /* Build configuration list for PBXNativeTarget "OpenMovieDB" */ = {
			isa = XCConfigurationList;
			buildConfigurations = (
				683D51CF27F96DB10035885A /* Debug */,
				683D51D027F96DB10035885A /* Release */,
			);
			defaultConfigurationIsVisible = 0;
			defaultConfigurationName = Release;
		};
/* End XCConfigurationList section */
	};
	rootObject = 683D51B227F96DAF0035885A /* Project object */;
}
